
Microsoft Visual Studio Solution File, Format Version 12.00
# Visual Studio Version 16
VisualStudioVersion = 16.0.34031.81
MinimumVisualStudioVersion = 10.0.40219.1
Project("{8BC9CEB8-8B4A-11D0-8D11-00A0C91BC942}") = "group proj 01", "group proj 01.vcxproj", "{9B0D7491-9359-40C9-97EC-0FC24C495A38}"
EndProject
Global
	GlobalSection(SolutionConfigurationPlatforms) = preSolution
		Debug|x64 = Debug|x64
		Debug|x86 = Debug|x86
		Release|x64 = Release|x64
		Release|x86 = Release|x86
	EndGlobalSection
	GlobalSection(ProjectConfigurationPlatforms) = postSolution
		{9B0D7491-9359-40C9-97EC-0FC24C495A38}.Debug|x64.ActiveCfg = Debug|x64
		{9B0D7491-9359-40C9-97EC-0FC24C495A38}.Debug|x64.Build.0 = Debug|x64
		{9B0D7491-9359-40C9-97EC-0FC24C495A38}.Debug|x86.ActiveCfg = Debug|Win32
		{9B0D7491-9359-40C9-97EC-0FC24C495A38}.Debug|x86.Build.0 = Debug|Win32
		{9B0D7491-9359-40C9-97EC-0FC24C495A38}.Release|x64.ActiveCfg = Release|x64
		{9B0D7491-9359-40C9-97EC-0FC24C495A38}.Release|x64.Build.0 = Release|x64
		{9B0D7491-9359-40C9-97EC-0FC24C495A38}.Release|x86.ActiveCfg = Release|Win32
		{9B0D7491-9359-40C9-97EC-0FC24C495A38}.Release|x86.Build.0 = Release|Win32
	EndGlobalSection
	GlobalSection(SolutionProperties) = preSolution
		HideSolutionNode = FALSE
	EndGlobalSection
	GlobalSection(ExtensibilityGlobals) = postSolution
		SolutionGuid = {EAA02C1B-E4B6-4B95-9644-A398C3FD2008}
	EndGlobalSection
EndGlobal
