
Microsoft Visual Studio Solution File, Format Version 12.00
# Visual Studio Version 16
VisualStudioVersion = 16.0.33927.289
MinimumVisualStudioVersion = 10.0.40219.1
Project("{8BC9CEB8-8B4A-11D0-8D11-00A0C91BC942}") = "pass by reference practice", "pass by reference practice.vcxproj", "{6DAF1012-2E47-4985-9B0B-5392D2006BA8}"
EndProject
Global
	GlobalSection(SolutionConfigurationPlatforms) = preSolution
		Debug|x64 = Debug|x64
		Debug|x86 = Debug|x86
		Release|x64 = Release|x64
		Release|x86 = Release|x86
	EndGlobalSection
	GlobalSection(ProjectConfigurationPlatforms) = postSolution
		{6DAF1012-2E47-4985-9B0B-5392D2006BA8}.Debug|x64.ActiveCfg = Debug|x64
		{6DAF1012-2E47-4985-9B0B-5392D2006BA8}.Debug|x64.Build.0 = Debug|x64
		{6DAF1012-2E47-4985-9B0B-5392D2006BA8}.Debug|x86.ActiveCfg = Debug|Win32
		{6DAF1012-2E47-4985-9B0B-5392D2006BA8}.Debug|x86.Build.0 = Debug|Win32
		{6DAF1012-2E47-4985-9B0B-5392D2006BA8}.Release|x64.ActiveCfg = Release|x64
		{6DAF1012-2E47-4985-9B0B-5392D2006BA8}.Release|x64.Build.0 = Release|x64
		{6DAF1012-2E47-4985-9B0B-5392D2006BA8}.Release|x86.ActiveCfg = Release|Win32
		{6DAF1012-2E47-4985-9B0B-5392D2006BA8}.Release|x86.Build.0 = Release|Win32
	EndGlobalSection
	GlobalSection(SolutionProperties) = preSolution
		HideSolutionNode = FALSE
	EndGlobalSection
	GlobalSection(ExtensibilityGlobals) = postSolution
		SolutionGuid = {BF9EA646-36B4-4FCB-8D4F-E5D96B085016}
	EndGlobalSection
EndGlobal
