
Microsoft Visual Studio Solution File, Format Version 12.00
# Visual Studio Version 16
VisualStudioVersion = 16.0.34031.81
MinimumVisualStudioVersion = 10.0.40219.1
Project("{8BC9CEB8-8B4A-11D0-8D11-00A0C91BC942}") = "group proj 2 modular bmi calculator", "group proj 2 modular bmi calculator.vcxproj", "{175C8FB7-E75F-435F-BADC-14D640420127}"
EndProject
Global
	GlobalSection(SolutionConfigurationPlatforms) = preSolution
		Debug|x64 = Debug|x64
		Debug|x86 = Debug|x86
		Release|x64 = Release|x64
		Release|x86 = Release|x86
	EndGlobalSection
	GlobalSection(ProjectConfigurationPlatforms) = postSolution
		{175C8FB7-E75F-435F-BADC-14D640420127}.Debug|x64.ActiveCfg = Debug|x64
		{175C8FB7-E75F-435F-BADC-14D640420127}.Debug|x64.Build.0 = Debug|x64
		{175C8FB7-E75F-435F-BADC-14D640420127}.Debug|x86.ActiveCfg = Debug|Win32
		{175C8FB7-E75F-435F-BADC-14D640420127}.Debug|x86.Build.0 = Debug|Win32
		{175C8FB7-E75F-435F-BADC-14D640420127}.Release|x64.ActiveCfg = Release|x64
		{175C8FB7-E75F-435F-BADC-14D640420127}.Release|x64.Build.0 = Release|x64
		{175C8FB7-E75F-435F-BADC-14D640420127}.Release|x86.ActiveCfg = Release|Win32
		{175C8FB7-E75F-435F-BADC-14D640420127}.Release|x86.Build.0 = Release|Win32
	EndGlobalSection
	GlobalSection(SolutionProperties) = preSolution
		HideSolutionNode = FALSE
	EndGlobalSection
	GlobalSection(ExtensibilityGlobals) = postSolution
		SolutionGuid = {8865E13C-61E5-43D6-8A0F-2F1ECEAC4DBB}
	EndGlobalSection
EndGlobal
