
Microsoft Visual Studio Solution File, Format Version 12.00
# Visual Studio Version 16
VisualStudioVersion = 16.0.33927.289
MinimumVisualStudioVersion = 10.0.40219.1
Project("{8BC9CEB8-8B4A-11D0-8D11-00A0C91BC942}") = "midterm", "midterm.vcxproj", "{D8A2A0F8-066F-4039-BDF8-DA6332C2EF88}"
EndProject
Global
	GlobalSection(SolutionConfigurationPlatforms) = preSolution
		Debug|x64 = Debug|x64
		Debug|x86 = Debug|x86
		Release|x64 = Release|x64
		Release|x86 = Release|x86
	EndGlobalSection
	GlobalSection(ProjectConfigurationPlatforms) = postSolution
		{D8A2A0F8-066F-4039-BDF8-DA6332C2EF88}.Debug|x64.ActiveCfg = Debug|x64
		{D8A2A0F8-066F-4039-BDF8-DA6332C2EF88}.Debug|x64.Build.0 = Debug|x64
		{D8A2A0F8-066F-4039-BDF8-DA6332C2EF88}.Debug|x86.ActiveCfg = Debug|Win32
		{D8A2A0F8-066F-4039-BDF8-DA6332C2EF88}.Debug|x86.Build.0 = Debug|Win32
		{D8A2A0F8-066F-4039-BDF8-DA6332C2EF88}.Release|x64.ActiveCfg = Release|x64
		{D8A2A0F8-066F-4039-BDF8-DA6332C2EF88}.Release|x64.Build.0 = Release|x64
		{D8A2A0F8-066F-4039-BDF8-DA6332C2EF88}.Release|x86.ActiveCfg = Release|Win32
		{D8A2A0F8-066F-4039-BDF8-DA6332C2EF88}.Release|x86.Build.0 = Release|Win32
	EndGlobalSection
	GlobalSection(SolutionProperties) = preSolution
		HideSolutionNode = FALSE
	EndGlobalSection
	GlobalSection(ExtensibilityGlobals) = postSolution
		SolutionGuid = {919A20DD-FCD4-421C-A245-2C189D83FA90}
	EndGlobalSection
EndGlobal
