
Microsoft Visual Studio Solution File, Format Version 12.00
# Visual Studio Version 16
VisualStudioVersion = 16.0.33927.289
MinimumVisualStudioVersion = 10.0.40219.1
Project("{8BC9CEB8-8B4A-11D0-8D11-00A0C91BC942}") = "odd or even int", "odd or even int.vcxproj", "{E13708B7-7D34-4A0C-9783-18BC4DBCF589}"
EndProject
Global
	GlobalSection(SolutionConfigurationPlatforms) = preSolution
		Debug|x64 = Debug|x64
		Debug|x86 = Debug|x86
		Release|x64 = Release|x64
		Release|x86 = Release|x86
	EndGlobalSection
	GlobalSection(ProjectConfigurationPlatforms) = postSolution
		{E13708B7-7D34-4A0C-9783-18BC4DBCF589}.Debug|x64.ActiveCfg = Debug|x64
		{E13708B7-7D34-4A0C-9783-18BC4DBCF589}.Debug|x64.Build.0 = Debug|x64
		{E13708B7-7D34-4A0C-9783-18BC4DBCF589}.Debug|x86.ActiveCfg = Debug|Win32
		{E13708B7-7D34-4A0C-9783-18BC4DBCF589}.Debug|x86.Build.0 = Debug|Win32
		{E13708B7-7D34-4A0C-9783-18BC4DBCF589}.Release|x64.ActiveCfg = Release|x64
		{E13708B7-7D34-4A0C-9783-18BC4DBCF589}.Release|x64.Build.0 = Release|x64
		{E13708B7-7D34-4A0C-9783-18BC4DBCF589}.Release|x86.ActiveCfg = Release|Win32
		{E13708B7-7D34-4A0C-9783-18BC4DBCF589}.Release|x86.Build.0 = Release|Win32
	EndGlobalSection
	GlobalSection(SolutionProperties) = preSolution
		HideSolutionNode = FALSE
	EndGlobalSection
	GlobalSection(ExtensibilityGlobals) = postSolution
		SolutionGuid = {9526AB2C-3F1A-458F-8EEA-28DED96ABB0C}
	EndGlobalSection
EndGlobal
